
Microsoft Visual Studio Solution File, Format Version 12.00
# Visual Studio 15
VisualStudioVersion = 15.0.28307.539
MinimumVisualStudioVersion = 10.0.40219.1
Project("{FAE04EC0-301F-11D3-BF4B-00C04F79EFBC}") = "BankAccountSystem", "BankAccountSystem\BankAccountSystem.csproj", "{FF345F44-B383-4E66-BB3F-F0F92D843527}"
EndProject
Global
	GlobalSection(SolutionConfigurationPlatforms) = preSolution
		Debug|Any CPU = Debug|Any CPU
		Release|Any CPU = Release|Any CPU
	EndGlobalSection
	GlobalSection(ProjectConfigurationPlatforms) = postSolution
		{FF345F44-B383-4E66-BB3F-F0F92D843527}.Debug|Any CPU.ActiveCfg = Debug|Any CPU
		{FF345F44-B383-4E66-BB3F-F0F92D843527}.Debug|Any CPU.Build.0 = Debug|Any CPU
		{FF345F44-B383-4E66-BB3F-F0F92D843527}.Release|Any CPU.ActiveCfg = Release|Any CPU
		{FF345F44-B383-4E66-BB3F-F0F92D843527}.Release|Any CPU.Build.0 = Release|Any CPU
	EndGlobalSection
	GlobalSection(SolutionProperties) = preSolution
		HideSolutionNode = FALSE
	EndGlobalSection
	GlobalSection(ExtensibilityGlobals) = postSolution
		SolutionGuid = {6FD29E12-8575-4197-8560-AD2EEE15DCA9}
	EndGlobalSection
EndGlobal
